
Microsoft Visual Studio Solution File, Format Version 12.00
# Visual Studio Version 16
VisualStudioVersion = 16.0.30907.101
MinimumVisualStudioVersion = 10.0.40219.1
Project("{FAE04EC0-301F-11D3-BF4B-00C04F79EFBC}") = "MyDictionary", "Homework\MyDictionary.csproj", "{214D984D-E034-49DB-ADA5-006A6006A09F}"
EndProject
Global
	GlobalSection(SolutionConfigurationPlatforms) = preSolution
		Debug|Any CPU = Debug|Any CPU
		Release|Any CPU = Release|Any CPU
	EndGlobalSection
	GlobalSection(ProjectConfigurationPlatforms) = postSolution
		{214D984D-E034-49DB-ADA5-006A6006A09F}.Debug|Any CPU.ActiveCfg = Debug|Any CPU
		{214D984D-E034-49DB-ADA5-006A6006A09F}.Debug|Any CPU.Build.0 = Debug|Any CPU
		{214D984D-E034-49DB-ADA5-006A6006A09F}.Release|Any CPU.ActiveCfg = Release|Any CPU
		{214D984D-E034-49DB-ADA5-006A6006A09F}.Release|Any CPU.Build.0 = Release|Any CPU
	EndGlobalSection
	GlobalSection(SolutionProperties) = preSolution
		HideSolutionNode = FALSE
	EndGlobalSection
	GlobalSection(ExtensibilityGlobals) = postSolution
		SolutionGuid = {741A5373-C5A3-4EDA-8498-B4EA27176D14}
	EndGlobalSection
EndGlobal
